// !$*UTF8*$!
{
	archiveVersion = 1;
	classes = {
	};
	objectVersion = 56;
	objects = {

/* Begin PBXBuildFile section */
		1A5DC21D28E762BE00E36D79 /* freexkcdApp.swift in Sources */ = {isa = PBXBuildFile; fileRef = 1A5DC21C28E762BE00E36D79 /* freexkcdApp.swift */; };
		1A5DC22128E762BF00E36D79 /* Assets.xcassets in Resources */ = {isa = PBXBuildFile; fileRef = 1A5DC22028E762BF00E36D79 /* Assets.xcassets */; };
		1A5DC22428E762BF00E36D79 /* Preview Assets.xcassets in Resources */ = {isa = PBXBuildFile; fileRef = 1A5DC22328E762BF00E36D79 /* Preview Assets.xcassets */; };
		1A5DC22B28E7650E00E36D79 /* XkcdClient.swift in Sources */ = {isa = PBXBuildFile; fileRef = 1A5DC22A28E7650E00E36D79 /* XkcdClient.swift */; };
		1A5DC22E28E765CC00E36D79 /* Alamofire in Frameworks */ = {isa = PBXBuildFile; productRef = 1A5DC22D28E765CC00E36D79 /* Alamofire */; };
		1A5FF31D28EA544600F918F7 /* .gitignore in Resources */ = {isa = PBXBuildFile; fileRef = 1A5FF31C28EA544600F918F7 /* .gitignore */; };
		1AC781D928EA0EFC0066C112 /* AlamofireImage in Frameworks */ = {isa = PBXBuildFile; productRef = 1AC781D828EA0EFC0066C112 /* AlamofireImage */; };
		1AD1C13828EA190E0086C4D9 /* Realm in Frameworks */ = {isa = PBXBuildFile; productRef = 1AD1C13728EA190E0086C4D9 /* Realm */; };
		1AD1C13A28EA190E0086C4D9 /* RealmSwift in Frameworks */ = {isa = PBXBuildFile; productRef = 1AD1C13928EA190E0086C4D9 /* RealmSwift */; };
/* End PBXBuildFile section */

/* Begin PBXFileReference section */
		1A2A80DA28EA038C00308E3F /* Info.plist */ = {isa = PBXFileReference; lastKnownFileType = text.plist; path = Info.plist; sourceTree = "<group>"; };
		1A5DC21928E762BE00E36D79 /* freexkcd.app */ = {isa = PBXFileReference; explicitFileType = wrapper.application; includeInIndex = 0; path = freexkcd.app; sourceTree = BUILT_PRODUCTS_DIR; };
		1A5DC21C28E762BE00E36D79 /* freexkcdApp.swift */ = {isa = PBXFileReference; lastKnownFileType = sourcecode.swift; path = freexkcdApp.swift; sourceTree = "<group>"; };
		1A5DC22028E762BF00E36D79 /* Assets.xcassets */ = {isa = PBXFileReference; lastKnownFileType = folder.assetcatalog; path = Assets.xcassets; sourceTree = "<group>"; };
		1A5DC22328E762BF00E36D79 /* Preview Assets.xcassets */ = {isa = PBXFileReference; lastKnownFileType = folder.assetcatalog; path = "Preview Assets.xcassets"; sourceTree = "<group>"; };
		1A5DC22A28E7650E00E36D79 /* XkcdClient.swift */ = {isa = PBXFileReference; lastKnownFileType = sourcecode.swift; path = XkcdClient.swift; sourceTree = "<group>"; };
		1A5FF31C28EA544600F918F7 /* .gitignore */ = {isa = PBXFileReference; lastKnownFileType = text; path = .gitignore; sourceTree = "<group>"; };
/* End PBXFileReference section */

/* Begin PBXFrameworksBuildPhase section */
		1A5DC21628E762BE00E36D79 /* Frameworks */ = {
			isa = PBXFrameworksBuildPhase;
			buildActionMask = 2147483647;
			files = (
				1AD1C13A28EA190E0086C4D9 /* RealmSwift in Frameworks */,
				1AD1C13828EA190E0086C4D9 /* Realm in Frameworks */,
				1AC781D928EA0EFC0066C112 /* AlamofireImage in Frameworks */,
				1A5DC22E28E765CC00E36D79 /* Alamofire in Frameworks */,
			);
			runOnlyForDeploymentPostprocessing = 0;
		};
/* End PBXFrameworksBuildPhase section */

/* Begin PBXGroup section */
		1A5DC21028E762BE00E36D79 = {
			isa = PBXGroup;
			children = (
				1A5FF31C28EA544600F918F7 /* .gitignore */,
				1A5DC21B28E762BE00E36D79 /* freexkcd */,
				1A5DC21A28E762BE00E36D79 /* Products */,
				1AC781D728EA0EFC0066C112 /* Frameworks */,
			);
			sourceTree = "<group>";
		};
		1A5DC21A28E762BE00E36D79 /* Products */ = {
			isa = PBXGroup;
			children = (
				1A5DC21928E762BE00E36D79 /* freexkcd.app */,
			);
			name = Products;
			sourceTree = "<group>";
		};
		1A5DC21B28E762BE00E36D79 /* freexkcd */ = {
			isa = PBXGroup;
			children = (
				1A2A80DA28EA038C00308E3F /* Info.plist */,
				1A5DC21C28E762BE00E36D79 /* freexkcdApp.swift */,
				1A5DC22028E762BF00E36D79 /* Assets.xcassets */,
				1A5DC22228E762BF00E36D79 /* Preview Content */,
				1A5DC22A28E7650E00E36D79 /* XkcdClient.swift */,
			);
			path = freexkcd;
			sourceTree = "<group>";
		};
		1A5DC22228E762BF00E36D79 /* Preview Content */ = {
			isa = PBXGroup;
			children = (
				1A5DC22328E762BF00E36D79 /* Preview Assets.xcassets */,
			);
			path = "Preview Content";
			sourceTree = "<group>";
		};
		1AC781D728EA0EFC0066C112 /* Frameworks */ = {
			isa = PBXGroup;
			children = (
			);
			name = Frameworks;
			sourceTree = "<group>";
		};
/* End PBXGroup section */

/* Begin PBXNativeTarget section */
		1A5DC21828E762BE00E36D79 /* freexkcd */ = {
			isa = PBXNativeTarget;
			buildConfigurationList = 1A5DC22728E762BF00E36D79 /* Build configuration list for PBXNativeTarget "freexkcd" */;
			buildPhases = (
				1A5DC21528E762BE00E36D79 /* Sources */,
				1A5DC21628E762BE00E36D79 /* Frameworks */,
				1A5DC21728E762BE00E36D79 /* Resources */,
			);
			buildRules = (
			);
			dependencies = (
			);
			name = freexkcd;
			packageProductDependencies = (
				1A5DC22D28E765CC00E36D79 /* Alamofire */,
				1AC781D828EA0EFC0066C112 /* AlamofireImage */,
				1AD1C13728EA190E0086C4D9 /* Realm */,
				1AD1C13928EA190E0086C4D9 /* RealmSwift */,
			);
			productName = freexkcd;
			productReference = 1A5DC21928E762BE00E36D79 /* freexkcd.app */;
			productType = "com.apple.product-type.application";
		};
/* End PBXNativeTarget section */

/* Begin PBXProject section */
		1A5DC21128E762BE00E36D79 /* Project object */ = {
			isa = PBXProject;
			attributes = {
				BuildIndependentTargetsInParallel = 1;
				LastSwiftUpdateCheck = 1400;
				LastUpgradeCheck = 1410;
				TargetAttributes = {
					1A5DC21828E762BE00E36D79 = {
						CreatedOnToolsVersion = 14.0.1;
					};
				};
			};
			buildConfigurationList = 1A5DC21428E762BE00E36D79 /* Build configuration list for PBXProject "freexkcd" */;
			compatibilityVersion = "Xcode 14.0";
			developmentRegion = en;
			hasScannedForEncodings = 0;
			knownRegions = (
				en,
				Base,
			);
			mainGroup = 1A5DC21028E762BE00E36D79;
			packageReferences = (
				1A5DC22C28E765CC00E36D79 /* XCRemoteSwiftPackageReference "Alamofire" */,
				1A5DC23428E9F68500E36D79 /* XCRemoteSwiftPackageReference "AlamofireImage" */,
				1AD1C13628EA190E0086C4D9 /* XCRemoteSwiftPackageReference "realm-swift" */,
			);
			productRefGroup = 1A5DC21A28E762BE00E36D79 /* Products */;
			projectDirPath = "";
			projectRoot = "";
			targets = (
				1A5DC21828E762BE00E36D79 /* freexkcd */,
			);
		};
/* End PBXProject section */

/* Begin PBXResourcesBuildPhase section */
		1A5DC21728E762BE00E36D79 /* Resources */ = {
			isa = PBXResourcesBuildPhase;
			buildActionMask = 2147483647;
			files = (
				1A5DC22428E762BF00E36D79 /* Preview Assets.xcassets in Resources */,
				1A5FF31D28EA544600F918F7 /* .gitignore in Resources */,
				1A5DC22128E762BF00E36D79 /* Assets.xcassets in Resources */,
			);
			runOnlyForDeploymentPostprocessing = 0;
		};
/* End PBXResourcesBuildPhase section */

/* Begin PBXSourcesBuildPhase section */
		1A5DC21528E762BE00E36D79 /* Sources */ = {
			isa = PBXSourcesBuildPhase;
			buildActionMask = 2147483647;
			files = (
				1A5DC22B28E7650E00E36D79 /* XkcdClient.swift in Sources */,
				1A5DC21D28E762BE00E36D79 /* freexkcdApp.swift in Sources */,
			);
			runOnlyForDeploymentPostprocessing = 0;
		};
/* End PBXSourcesBuildPhase section */

/* Begin XCBuildConfiguration section */
		1A5DC22528E762BF00E36D79 /* Debug */ = {
			isa = XCBuildConfiguration;
			buildSettings = {
				ALWAYS_SEARCH_USER_PATHS = NO;
				CLANG_ANALYZER_NONNULL = YES;
				CLANG_ANALYZER_NUMBER_OBJECT_CONVERSION = YES_AGGRESSIVE;
				CLANG_CXX_LANGUAGE_STANDARD = "gnu++20";
				CLANG_ENABLE_MODULES = YES;
				CLANG_ENABLE_OBJC_ARC = YES;
				CLANG_ENABLE_OBJC_WEAK = YES;
				CLANG_WARN_BLOCK_CAPTURE_AUTORELEASING = YES;
				CLANG_WARN_BOOL_CONVERSION = YES;
				CLANG_WARN_COMMA = YES;
				CLANG_WARN_CONSTANT_CONVERSION = YES;
				CLANG_WARN_DEPRECATED_OBJC_IMPLEMENTATIONS = YES;
				CLANG_WARN_DIRECT_OBJC_ISA_USAGE = YES_ERROR;
				CLANG_WARN_DOCUMENTATION_COMMENTS = YES;
				CLANG_WARN_EMPTY_BODY = YES;
				CLANG_WARN_ENUM_CONVERSION = YES;
				CLANG_WARN_INFINITE_RECURSION = YES;
				CLANG_WARN_INT_CONVERSION = YES;
				CLANG_WARN_NON_LITERAL_NULL_CONVERSION = YES;
				CLANG_WARN_OBJC_IMPLICIT_RETAIN_SELF = YES;
				CLANG_WARN_OBJC_LITERAL_CONVERSION = YES;
				CLANG_WARN_OBJC_ROOT_CLASS = YES_ERROR;
				CLANG_WARN_QUOTED_INCLUDE_IN_FRAMEWORK_HEADER = YES;
				CLANG_WARN_RANGE_LOOP_ANALYSIS = YES;
				CLANG_WARN_STRICT_PROTOTYPES = YES;
				CLANG_WARN_SUSPICIOUS_MOVE = YES;
				CLANG_WARN_UNGUARDED_AVAILABILITY = YES_AGGRESSIVE;
				CLANG_WARN_UNREACHABLE_CODE = YES;
				CLANG_WARN__DUPLICATE_METHOD_MATCH = YES;
				COPY_PHASE_STRIP = NO;
				DEBUG_INFORMATION_FORMAT = dwarf;
				ENABLE_STRICT_OBJC_MSGSEND = YES;
				ENABLE_TESTABILITY = YES;
				GCC_C_LANGUAGE_STANDARD = gnu11;
				GCC_DYNAMIC_NO_PIC = NO;
				GCC_NO_COMMON_BLOCKS = YES;
				GCC_OPTIMIZATION_LEVEL = 0;
				GCC_PREPROCESSOR_DEFINITIONS = (
					"DEBUG=1",
					"$(inherited)",
				);
				GCC_WARN_64_TO_32_BIT_CONVERSION = YES;
				GCC_WARN_ABOUT_RETURN_TYPE = YES_ERROR;
				GCC_WARN_UNDECLARED_SELECTOR = YES;
				GCC_WARN_UNINITIALIZED_AUTOS = YES_AGGRESSIVE;
				GCC_WARN_UNUSED_FUNCTION = YES;
				GCC_WARN_UNUSED_VARIABLE = YES;
				IPHONEOS_DEPLOYMENT_TARGET = 16.0;
				MTL_ENABLE_DEBUG_INFO = INCLUDE_SOURCE;
				MTL_FAST_MATH = YES;
				ONLY_ACTIVE_ARCH = YES;
				SDKROOT = iphoneos;
				SWIFT_ACTIVE_COMPILATION_CONDITIONS = DEBUG;
				SWIFT_ENABLE_BATCH_MODE = NO;
				SWIFT_OPTIMIZATION_LEVEL = "-Onone";
			};
			name = Debug;
		};
		1A5DC22628E762BF00E36D79 /* Release */ = {
			isa = XCBuildConfiguration;
			buildSettings = {
				ALWAYS_SEARCH_USER_PATHS = NO;
				CLANG_ANALYZER_NONNULL = YES;
				CLANG_ANALYZER_NUMBER_OBJECT_CONVERSION = YES_AGGRESSIVE;
				CLANG_CXX_LANGUAGE_STANDARD = "gnu++20";
				CLANG_ENABLE_MODULES = YES;
				CLANG_ENABLE_OBJC_ARC = YES;
				CLANG_ENABLE_OBJC_WEAK = YES;
				CLANG_WARN_BLOCK_CAPTURE_AUTORELEASING = YES;
				CLANG_WARN_BOOL_CONVERSION = YES;
				CLANG_WARN_COMMA = YES;
				CLANG_WARN_CONSTANT_CONVERSION = YES;
				CLANG_WARN_DEPRECATED_OBJC_IMPLEMENTATIONS = YES;
				CLANG_WARN_DIRECT_OBJC_ISA_USAGE = YES_ERROR;
				CLANG_WARN_DOCUMENTATION_COMMENTS = YES;
				CLANG_WARN_EMPTY_BODY = YES;
				CLANG_WARN_ENUM_CONVERSION = YES;
				CLANG_WARN_INFINITE_RECURSION = YES;
				CLANG_WARN_INT_CONVERSION = YES;
				CLANG_WARN_NON_LITERAL_NULL_CONVERSION = YES;
				CLANG_WARN_OBJC_IMPLICIT_RETAIN_SELF = YES;
				CLANG_WARN_OBJC_LITERAL_CONVERSION = YES;
				CLANG_WARN_OBJC_ROOT_CLASS = YES_ERROR;
				CLANG_WARN_QUOTED_INCLUDE_IN_FRAMEWORK_HEADER = YES;
				CLANG_WARN_RANGE_LOOP_ANALYSIS = YES;
				CLANG_WARN_STRICT_PROTOTYPES = YES;
				CLANG_WARN_SUSPICIOUS_MOVE = YES;
				CLANG_WARN_UNGUARDED_AVAILABILITY = YES_AGGRESSIVE;
				CLANG_WARN_UNREACHABLE_CODE = YES;
				CLANG_WARN__DUPLICATE_METHOD_MATCH = YES;
				COPY_PHASE_STRIP = NO;
				DEBUG_INFORMATION_FORMAT = "dwarf-with-dsym";
				ENABLE_NS_ASSERTIONS = NO;
				ENABLE_STRICT_OBJC_MSGSEND = YES;
				GCC_C_LANGUAGE_STANDARD = gnu11;
				GCC_NO_COMMON_BLOCKS = YES;
				GCC_WARN_64_TO_32_BIT_CONVERSION = YES;
				GCC_WARN_ABOUT_RETURN_TYPE = YES_ERROR;
				GCC_WARN_UNDECLARED_SELECTOR = YES;
				GCC_WARN_UNINITIALIZED_AUTOS = YES_AGGRESSIVE;
				GCC_WARN_UNUSED_FUNCTION = YES;
				GCC_WARN_UNUSED_VARIABLE = YES;
				IPHONEOS_DEPLOYMENT_TARGET = 16.0;
				MTL_ENABLE_DEBUG_INFO = NO;
				MTL_FAST_MATH = YES;
				SDKROOT = iphoneos;
				SWIFT_COMPILATION_MODE = wholemodule;
				SWIFT_ENABLE_BATCH_MODE = NO;
				SWIFT_OPTIMIZATION_LEVEL = "-O";
				VALIDATE_PRODUCT = YES;
			};
			name = Release;
		};
		1A5DC22828E762BF00E36D79 /* Debug */ = {
			isa = XCBuildConfiguration;
			buildSettings = {
				ASSETCATALOG_COMPILER_APPICON_NAME = AppIcon;
				ASSETCATALOG_COMPILER_GLOBAL_ACCENT_COLOR_NAME = AccentColor;
				CODE_SIGN_STYLE = Automatic;
				CURRENT_PROJECT_VERSION = 1;
				DEVELOPMENT_ASSET_PATHS = "\"freexkcd/Preview Content\"";
				DEVELOPMENT_TEAM = TYVR9GGSKN;
				ENABLE_PREVIEWS = YES;
				GENERATE_INFOPLIST_FILE = YES;
				INFOPLIST_FILE = freexkcd/Info.plist;
				INFOPLIST_KEY_LSApplicationCategoryType = "public.app-category.entertainment";
				INFOPLIST_KEY_UIApplicationSceneManifest_Generation = YES;
				INFOPLIST_KEY_UIApplicationSupportsIndirectInputEvents = YES;
				INFOPLIST_KEY_UILaunchScreen_Generation = YES;
				INFOPLIST_KEY_UISupportedInterfaceOrientations_iPad = "UIInterfaceOrientationPortrait UIInterfaceOrientationPortraitUpsideDown UIInterfaceOrientationLandscapeLeft UIInterfaceOrientationLandscapeRight";
				INFOPLIST_KEY_UISupportedInterfaceOrientations_iPhone = "UIInterfaceOrientationPortrait UIInterfaceOrientationLandscapeLeft UIInterfaceOrientationLandscapeRight";
				LD_RUNPATH_SEARCH_PATHS = (
					"$(inherited)",
					"@executable_path/Frameworks",
				);
				MARKETING_VERSION = 1.0;
				PRODUCT_BUNDLE_IDENTIFIER = com.sjodle.freexkcd;
				PRODUCT_NAME = "$(TARGET_NAME)";
				SUPPORTED_PLATFORMS = "iphoneos iphonesimulator";
				SUPPORTS_MACCATALYST = NO;
				SUPPORTS_MAC_DESIGNED_FOR_IPHONE_IPAD = NO;
				SWIFT_EMIT_LOC_STRINGS = YES;
				SWIFT_ENABLE_BATCH_MODE = NO;
				SWIFT_VERSION = 5.0;
				TARGETED_DEVICE_FAMILY = "1,2";
			};
			name = Debug;
		};
		1A5DC22928E762BF00E36D79 /* Release */ = {
			isa = XCBuildConfiguration;
			buildSettings = {
				ASSETCATALOG_COMPILER_APPICON_NAME = AppIcon;
				ASSETCATALOG_COMPILER_GLOBAL_ACCENT_COLOR_NAME = AccentColor;
				CODE_SIGN_STYLE = Automatic;
				CURRENT_PROJECT_VERSION = 1;
				DEVELOPMENT_ASSET_PATHS = "\"freexkcd/Preview Content\"";
				DEVELOPMENT_TEAM = TYVR9GGSKN;
				ENABLE_PREVIEWS = YES;
				GENERATE_INFOPLIST_FILE = YES;
				INFOPLIST_FILE = freexkcd/Info.plist;
				INFOPLIST_KEY_LSApplicationCategoryType = "public.app-category.entertainment";
				INFOPLIST_KEY_UIApplicationSceneManifest_Generation = YES;
				INFOPLIST_KEY_UIApplicationSupportsIndirectInputEvents = YES;
				INFOPLIST_KEY_UILaunchScreen_Generation = YES;
				INFOPLIST_KEY_UISupportedInterfaceOrientations_iPad = "UIInterfaceOrientationPortrait UIInterfaceOrientationPortraitUpsideDown UIInterfaceOrientationLandscapeLeft UIInterfaceOrientationLandscapeRight";
				INFOPLIST_KEY_UISupportedInterfaceOrientations_iPhone = "UIInterfaceOrientationPortrait UIInterfaceOrientationLandscapeLeft UIInterfaceOrientationLandscapeRight";
				LD_RUNPATH_SEARCH_PATHS = (
					"$(inherited)",
					"@executable_path/Frameworks",
				);
				MARKETING_VERSION = 1.0;
				PRODUCT_BUNDLE_IDENTIFIER = com.sjodle.freexkcd;
				PRODUCT_NAME = "$(TARGET_NAME)";
				SUPPORTED_PLATFORMS = "iphoneos iphonesimulator";
				SUPPORTS_MACCATALYST = NO;
				SUPPORTS_MAC_DESIGNED_FOR_IPHONE_IPAD = NO;
				SWIFT_EMIT_LOC_STRINGS = YES;
				SWIFT_ENABLE_BATCH_MODE = NO;
				SWIFT_VERSION = 5.0;
				TARGETED_DEVICE_FAMILY = "1,2";
			};
			name = Release;
		};
/* End XCBuildConfiguration section */

/* Begin XCConfigurationList section */
		1A5DC21428E762BE00E36D79 /* Build configuration list for PBXProject "freexkcd" */ = {
			isa = XCConfigurationList;
			buildConfigurations = (
				1A5DC22528E762BF00E36D79 /* Debug */,
				1A5DC22628E762BF00E36D79 /* Release */,
			);
			defaultConfigurationIsVisible = 0;
			defaultConfigurationName = Release;
		};
		1A5DC22728E762BF00E36D79 /* Build configuration list for PBXNativeTarget "freexkcd" */ = {
			isa = XCConfigurationList;
			buildConfigurations = (
				1A5DC22828E762BF00E36D79 /* Debug */,
				1A5DC22928E762BF00E36D79 /* Release */,
			);
			defaultConfigurationIsVisible = 0;
			defaultConfigurationName = Release;
		};
/* End XCConfigurationList section */

/* Begin XCRemoteSwiftPackageReference section */
		1A5DC22C28E765CC00E36D79 /* XCRemoteSwiftPackageReference "Alamofire" */ = {
			isa = XCRemoteSwiftPackageReference;
			repositoryURL = "https://github.com/Alamofire/Alamofire.git";
			requirement = {
				kind = upToNextMajorVersion;
				minimumVersion = 5.1.0;
			};
		};
		1A5DC23428E9F68500E36D79 /* XCRemoteSwiftPackageReference "AlamofireImage" */ = {
			isa = XCRemoteSwiftPackageReference;
			repositoryURL = "https://github.com/Alamofire/AlamofireImage";
			requirement = {
				kind = upToNextMajorVersion;
				minimumVersion = 4.0.0;
			};
		};
		1AD1C13628EA190E0086C4D9 /* XCRemoteSwiftPackageReference "realm-swift" */ = {
			isa = XCRemoteSwiftPackageReference;
			repositoryURL = "https://github.com/realm/realm-swift.git";
			requirement = {
				kind = upToNextMajorVersion;
				minimumVersion = 10.30.0;
			};
		};
/* End XCRemoteSwiftPackageReference section */

/* Begin XCSwiftPackageProductDependency section */
		1A5DC22D28E765CC00E36D79 /* Alamofire */ = {
			isa = XCSwiftPackageProductDependency;
			package = 1A5DC22C28E765CC00E36D79 /* XCRemoteSwiftPackageReference "Alamofire" */;
			productName = Alamofire;
		};
		1AC781D828EA0EFC0066C112 /* AlamofireImage */ = {
			isa = XCSwiftPackageProductDependency;
			package = 1A5DC23428E9F68500E36D79 /* XCRemoteSwiftPackageReference "AlamofireImage" */;
			productName = AlamofireImage;
		};
		1AD1C13728EA190E0086C4D9 /* Realm */ = {
			isa = XCSwiftPackageProductDependency;
			package = 1AD1C13628EA190E0086C4D9 /* XCRemoteSwiftPackageReference "realm-swift" */;
			productName = Realm;
		};
		1AD1C13928EA190E0086C4D9 /* RealmSwift */ = {
			isa = XCSwiftPackageProductDependency;
			package = 1AD1C13628EA190E0086C4D9 /* XCRemoteSwiftPackageReference "realm-swift" */;
			productName = RealmSwift;
		};
/* End XCSwiftPackageProductDependency section */
	};
	rootObject = 1A5DC21128E762BE00E36D79 /* Project object */;
}
